
Microsoft Visual Studio Solution File, Format Version 12.00
# Visual Studio Version 16
VisualStudioVersion = 16.0.31402.337
MinimumVisualStudioVersion = 10.0.40219.1
Project("{9A19103F-16F7-4668-BE54-9A1E7A4F7556}") = "Calculations", "Calculations.csproj", "{3B37B92E-7879-4255-9248-58D925A2229B}"
EndProject
Project("{FAE04EC0-301F-11D3-BF4B-00C04F79EFBC}") = "Calculations.Tests", "..\Calculations.Tests\Calculations.Tests.csproj", "{9F1DA53F-712E-482E-9EDD-9F810ADAFFD4}"
EndProject
Global
	GlobalSection(SolutionConfigurationPlatforms) = preSolution
		Debug|Any CPU = Debug|Any CPU
		Release|Any CPU = Release|Any CPU
	EndGlobalSection
	GlobalSection(ProjectConfigurationPlatforms) = postSolution
		{3B37B92E-7879-4255-9248-58D925A2229B}.Debug|Any CPU.ActiveCfg = Debug|Any CPU
		{3B37B92E-7879-4255-9248-58D925A2229B}.Debug|Any CPU.Build.0 = Debug|Any CPU
		{3B37B92E-7879-4255-9248-58D925A2229B}.Release|Any CPU.ActiveCfg = Release|Any CPU
		{3B37B92E-7879-4255-9248-58D925A2229B}.Release|Any CPU.Build.0 = Release|Any CPU
		{9F1DA53F-712E-482E-9EDD-9F810ADAFFD4}.Debug|Any CPU.ActiveCfg = Debug|Any CPU
		{9F1DA53F-712E-482E-9EDD-9F810ADAFFD4}.Debug|Any CPU.Build.0 = Debug|Any CPU
		{9F1DA53F-712E-482E-9EDD-9F810ADAFFD4}.Release|Any CPU.ActiveCfg = Release|Any CPU
		{9F1DA53F-712E-482E-9EDD-9F810ADAFFD4}.Release|Any CPU.Build.0 = Release|Any CPU
	EndGlobalSection
	GlobalSection(SolutionProperties) = preSolution
		HideSolutionNode = FALSE
	EndGlobalSection
	GlobalSection(ExtensibilityGlobals) = postSolution
		SolutionGuid = {1C063E75-79B5-42CA-BABA-5273683DD370}
	EndGlobalSection
EndGlobal
