
Microsoft Visual Studio Solution File, Format Version 12.00
# Visual Studio Version 16
VisualStudioVersion = 16.0.31402.337
MinimumVisualStudioVersion = 10.0.40219.1
Project("{9A19103F-16F7-4668-BE54-9A1E7A4F7556}") = "CursoOnline.DominioTest", "test\CursoOnline.DominioTest\CursoOnline.DominioTest.csproj", "{B60FCB43-A640-4E8F-89C3-6B36B7A8F7DF}"
EndProject
Project("{9A19103F-16F7-4668-BE54-9A1E7A4F7556}") = "CursoOnline.Dominio", "src\CursoOnline.Dominio\CursoOnline.Dominio.csproj", "{87A48C07-585D-43E3-8B0F-A885D43BE0BF}"
EndProject
Project("{9A19103F-16F7-4668-BE54-9A1E7A4F7556}") = "CursoOnline.Dados", "src\CursoOnline.Dados\CursoOnline.Dados.csproj", "{B2668F81-E4FB-4967-A75C-C0203FE1AD66}"
EndProject
Project("{9A19103F-16F7-4668-BE54-9A1E7A4F7556}") = "CursoOnline.Ioc", "src\CursoOnline.Ioc\CursoOnline.Ioc.csproj", "{ED103F75-4B2A-4437-B1CA-DA94655294F7}"
EndProject
Project("{9A19103F-16F7-4668-BE54-9A1E7A4F7556}") = "CursoOnline.Web", "src\CursoOnline.Web\CursoOnline.Web.csproj", "{F4AF9645-27A3-4299-B87C-E90483AE3B9E}"
EndProject
Global
	GlobalSection(SolutionConfigurationPlatforms) = preSolution
		Debug|Any CPU = Debug|Any CPU
		Release|Any CPU = Release|Any CPU
	EndGlobalSection
	GlobalSection(ProjectConfigurationPlatforms) = postSolution
		{B60FCB43-A640-4E8F-89C3-6B36B7A8F7DF}.Debug|Any CPU.ActiveCfg = Debug|Any CPU
		{B60FCB43-A640-4E8F-89C3-6B36B7A8F7DF}.Debug|Any CPU.Build.0 = Debug|Any CPU
		{B60FCB43-A640-4E8F-89C3-6B36B7A8F7DF}.Release|Any CPU.ActiveCfg = Release|Any CPU
		{B60FCB43-A640-4E8F-89C3-6B36B7A8F7DF}.Release|Any CPU.Build.0 = Release|Any CPU
		{87A48C07-585D-43E3-8B0F-A885D43BE0BF}.Debug|Any CPU.ActiveCfg = Debug|Any CPU
		{87A48C07-585D-43E3-8B0F-A885D43BE0BF}.Debug|Any CPU.Build.0 = Debug|Any CPU
		{87A48C07-585D-43E3-8B0F-A885D43BE0BF}.Release|Any CPU.ActiveCfg = Release|Any CPU
		{87A48C07-585D-43E3-8B0F-A885D43BE0BF}.Release|Any CPU.Build.0 = Release|Any CPU
		{B2668F81-E4FB-4967-A75C-C0203FE1AD66}.Debug|Any CPU.ActiveCfg = Debug|Any CPU
		{B2668F81-E4FB-4967-A75C-C0203FE1AD66}.Debug|Any CPU.Build.0 = Debug|Any CPU
		{B2668F81-E4FB-4967-A75C-C0203FE1AD66}.Release|Any CPU.ActiveCfg = Release|Any CPU
		{B2668F81-E4FB-4967-A75C-C0203FE1AD66}.Release|Any CPU.Build.0 = Release|Any CPU
		{ED103F75-4B2A-4437-B1CA-DA94655294F7}.Debug|Any CPU.ActiveCfg = Debug|Any CPU
		{ED103F75-4B2A-4437-B1CA-DA94655294F7}.Debug|Any CPU.Build.0 = Debug|Any CPU
		{ED103F75-4B2A-4437-B1CA-DA94655294F7}.Release|Any CPU.ActiveCfg = Release|Any CPU
		{ED103F75-4B2A-4437-B1CA-DA94655294F7}.Release|Any CPU.Build.0 = Release|Any CPU
		{F4AF9645-27A3-4299-B87C-E90483AE3B9E}.Debug|Any CPU.ActiveCfg = Debug|Any CPU
		{F4AF9645-27A3-4299-B87C-E90483AE3B9E}.Debug|Any CPU.Build.0 = Debug|Any CPU
		{F4AF9645-27A3-4299-B87C-E90483AE3B9E}.Release|Any CPU.ActiveCfg = Release|Any CPU
		{F4AF9645-27A3-4299-B87C-E90483AE3B9E}.Release|Any CPU.Build.0 = Release|Any CPU
	EndGlobalSection
	GlobalSection(SolutionProperties) = preSolution
		HideSolutionNode = FALSE
	EndGlobalSection
	GlobalSection(ExtensibilityGlobals) = postSolution
		SolutionGuid = {850010F0-0D77-4DD5-A4CE-6191C5FDA7A6}
	EndGlobalSection
EndGlobal
